
Microsoft Visual Studio Solution File, Format Version 12.00
# Visual Studio 15
VisualStudioVersion = 15.0.27130.2020
MinimumVisualStudioVersion = 10.0.40219.1
Project("{FAE04EC0-301F-11D3-BF4B-00C04F79EFBC}") = "XF.MVVMBasic.Android", "XF.MVVMBasic\XF.MVVMBasic.Android\XF.MVVMBasic.Android.csproj", "{A17B5BDE-9685-4263-9225-06D744E1D0CA}"
EndProject
Project("{FAE04EC0-301F-11D3-BF4B-00C04F79EFBC}") = "XF.MVVMBasic.iOS", "XF.MVVMBasic\XF.MVVMBasic.iOS\XF.MVVMBasic.iOS.csproj", "{9DC978AE-46A4-4357-AFAC-C556114B4D86}"
EndProject
Project("{FAE04EC0-301F-11D3-BF4B-00C04F79EFBC}") = "XF.MVVMBasic", "XF.MVVMBasic\XF.MVVMBasic\XF.MVVMBasic.csproj", "{0593DBC0-2C79-449F-8D50-DE38A695E7E9}"
EndProject
Project("{2150E333-8FDC-42A3-9474-1A3956D46DE8}") = "Solution Items", "Solution Items", "{CD983236-3E53-42C0-AB90-9CBBE85EA5BE}"
	ProjectSection(SolutionItems) = preProject
		.gitignore = .gitignore
	EndProjectSection
EndProject
Global
	GlobalSection(SolutionConfigurationPlatforms) = preSolution
		Ad-Hoc|Any CPU = Ad-Hoc|Any CPU
		Ad-Hoc|iPhone = Ad-Hoc|iPhone
		Ad-Hoc|iPhoneSimulator = Ad-Hoc|iPhoneSimulator
		AppStore|Any CPU = AppStore|Any CPU
		AppStore|iPhone = AppStore|iPhone
		AppStore|iPhoneSimulator = AppStore|iPhoneSimulator
		Debug|Any CPU = Debug|Any CPU
		Debug|iPhone = Debug|iPhone
		Debug|iPhoneSimulator = Debug|iPhoneSimulator
		Release|Any CPU = Release|Any CPU
		Release|iPhone = Release|iPhone
		Release|iPhoneSimulator = Release|iPhoneSimulator
	EndGlobalSection
	GlobalSection(ProjectConfigurationPlatforms) = postSolution
		{A17B5BDE-9685-4263-9225-06D744E1D0CA}.Ad-Hoc|Any CPU.ActiveCfg = Release|Any CPU
		{A17B5BDE-9685-4263-9225-06D744E1D0CA}.Ad-Hoc|Any CPU.Build.0 = Release|Any CPU
		{A17B5BDE-9685-4263-9225-06D744E1D0CA}.Ad-Hoc|Any CPU.Deploy.0 = Release|Any CPU
		{A17B5BDE-9685-4263-9225-06D744E1D0CA}.Ad-Hoc|iPhone.ActiveCfg = Release|Any CPU
		{A17B5BDE-9685-4263-9225-06D744E1D0CA}.Ad-Hoc|iPhone.Build.0 = Release|Any CPU
		{A17B5BDE-9685-4263-9225-06D744E1D0CA}.Ad-Hoc|iPhone.Deploy.0 = Release|Any CPU
		{A17B5BDE-9685-4263-9225-06D744E1D0CA}.Ad-Hoc|iPhoneSimulator.ActiveCfg = Release|Any CPU
		{A17B5BDE-9685-4263-9225-06D744E1D0CA}.Ad-Hoc|iPhoneSimulator.Build.0 = Release|Any CPU
		{A17B5BDE-9685-4263-9225-06D744E1D0CA}.Ad-Hoc|iPhoneSimulator.Deploy.0 = Release|Any CPU
		{A17B5BDE-9685-4263-9225-06D744E1D0CA}.AppStore|Any CPU.ActiveCfg = Release|Any CPU
		{A17B5BDE-9685-4263-9225-06D744E1D0CA}.AppStore|Any CPU.Build.0 = Release|Any CPU
		{A17B5BDE-9685-4263-9225-06D744E1D0CA}.AppStore|Any CPU.Deploy.0 = Release|Any CPU
		{A17B5BDE-9685-4263-9225-06D744E1D0CA}.AppStore|iPhone.ActiveCfg = Release|Any CPU
		{A17B5BDE-9685-4263-9225-06D744E1D0CA}.AppStore|iPhone.Build.0 = Release|Any CPU
		{A17B5BDE-9685-4263-9225-06D744E1D0CA}.AppStore|iPhone.Deploy.0 = Release|Any CPU
		{A17B5BDE-9685-4263-9225-06D744E1D0CA}.AppStore|iPhoneSimulator.ActiveCfg = Release|Any CPU
		{A17B5BDE-9685-4263-9225-06D744E1D0CA}.AppStore|iPhoneSimulator.Build.0 = Release|Any CPU
		{A17B5BDE-9685-4263-9225-06D744E1D0CA}.AppStore|iPhoneSimulator.Deploy.0 = Release|Any CPU
		{A17B5BDE-9685-4263-9225-06D744E1D0CA}.Debug|Any CPU.ActiveCfg = Debug|Any CPU
		{A17B5BDE-9685-4263-9225-06D744E1D0CA}.Debug|Any CPU.Build.0 = Debug|Any CPU
		{A17B5BDE-9685-4263-9225-06D744E1D0CA}.Debug|Any CPU.Deploy.0 = Debug|Any CPU
		{A17B5BDE-9685-4263-9225-06D744E1D0CA}.Debug|iPhone.ActiveCfg = Debug|Any CPU
		{A17B5BDE-9685-4263-9225-06D744E1D0CA}.Debug|iPhone.Build.0 = Debug|Any CPU
		{A17B5BDE-9685-4263-9225-06D744E1D0CA}.Debug|iPhone.Deploy.0 = Debug|Any CPU
		{A17B5BDE-9685-4263-9225-06D744E1D0CA}.Debug|iPhoneSimulator.ActiveCfg = Debug|Any CPU
		{A17B5BDE-9685-4263-9225-06D744E1D0CA}.Debug|iPhoneSimulator.Build.0 = Debug|Any CPU
		{A17B5BDE-9685-4263-9225-06D744E1D0CA}.Debug|iPhoneSimulator.Deploy.0 = Debug|Any CPU
		{A17B5BDE-9685-4263-9225-06D744E1D0CA}.Release|Any CPU.ActiveCfg = Release|Any CPU
		{A17B5BDE-9685-4263-9225-06D744E1D0CA}.Release|Any CPU.Build.0 = Release|Any CPU
		{A17B5BDE-9685-4263-9225-06D744E1D0CA}.Release|Any CPU.Deploy.0 = Release|Any CPU
		{A17B5BDE-9685-4263-9225-06D744E1D0CA}.Release|iPhone.ActiveCfg = Release|Any CPU
		{A17B5BDE-9685-4263-9225-06D744E1D0CA}.Release|iPhone.Build.0 = Release|Any CPU
		{A17B5BDE-9685-4263-9225-06D744E1D0CA}.Release|iPhone.Deploy.0 = Release|Any CPU
		{A17B5BDE-9685-4263-9225-06D744E1D0CA}.Release|iPhoneSimulator.ActiveCfg = Release|Any CPU
		{A17B5BDE-9685-4263-9225-06D744E1D0CA}.Release|iPhoneSimulator.Build.0 = Release|Any CPU
		{A17B5BDE-9685-4263-9225-06D744E1D0CA}.Release|iPhoneSimulator.Deploy.0 = Release|Any CPU
		{9DC978AE-46A4-4357-AFAC-C556114B4D86}.Ad-Hoc|Any CPU.ActiveCfg = Ad-Hoc|iPhone
		{9DC978AE-46A4-4357-AFAC-C556114B4D86}.Ad-Hoc|iPhone.ActiveCfg = Ad-Hoc|iPhone
		{9DC978AE-46A4-4357-AFAC-C556114B4D86}.Ad-Hoc|iPhone.Build.0 = Ad-Hoc|iPhone
		{9DC978AE-46A4-4357-AFAC-C556114B4D86}.Ad-Hoc|iPhoneSimulator.ActiveCfg = Ad-Hoc|iPhoneSimulator
		{9DC978AE-46A4-4357-AFAC-C556114B4D86}.Ad-Hoc|iPhoneSimulator.Build.0 = Ad-Hoc|iPhoneSimulator
		{9DC978AE-46A4-4357-AFAC-C556114B4D86}.AppStore|Any CPU.ActiveCfg = AppStore|iPhone
		{9DC978AE-46A4-4357-AFAC-C556114B4D86}.AppStore|iPhone.ActiveCfg = AppStore|iPhone
		{9DC978AE-46A4-4357-AFAC-C556114B4D86}.AppStore|iPhone.Build.0 = AppStore|iPhone
		{9DC978AE-46A4-4357-AFAC-C556114B4D86}.AppStore|iPhoneSimulator.ActiveCfg = AppStore|iPhoneSimulator
		{9DC978AE-46A4-4357-AFAC-C556114B4D86}.AppStore|iPhoneSimulator.Build.0 = AppStore|iPhoneSimulator
		{9DC978AE-46A4-4357-AFAC-C556114B4D86}.Debug|Any CPU.ActiveCfg = Debug|iPhone
		{9DC978AE-46A4-4357-AFAC-C556114B4D86}.Debug|iPhone.ActiveCfg = Debug|iPhone
		{9DC978AE-46A4-4357-AFAC-C556114B4D86}.Debug|iPhone.Build.0 = Debug|iPhone
		{9DC978AE-46A4-4357-AFAC-C556114B4D86}.Debug|iPhoneSimulator.ActiveCfg = Debug|iPhoneSimulator
		{9DC978AE-46A4-4357-AFAC-C556114B4D86}.Debug|iPhoneSimulator.Build.0 = Debug|iPhoneSimulator
		{9DC978AE-46A4-4357-AFAC-C556114B4D86}.Release|Any CPU.ActiveCfg = Release|iPhone
		{9DC978AE-46A4-4357-AFAC-C556114B4D86}.Release|iPhone.ActiveCfg = Release|iPhone
		{9DC978AE-46A4-4357-AFAC-C556114B4D86}.Release|iPhone.Build.0 = Release|iPhone
		{9DC978AE-46A4-4357-AFAC-C556114B4D86}.Release|iPhoneSimulator.ActiveCfg = Release|iPhoneSimulator
		{9DC978AE-46A4-4357-AFAC-C556114B4D86}.Release|iPhoneSimulator.Build.0 = Release|iPhoneSimulator
		{0593DBC0-2C79-449F-8D50-DE38A695E7E9}.Ad-Hoc|Any CPU.ActiveCfg = Debug|Any CPU
		{0593DBC0-2C79-449F-8D50-DE38A695E7E9}.Ad-Hoc|Any CPU.Build.0 = Debug|Any CPU
		{0593DBC0-2C79-449F-8D50-DE38A695E7E9}.Ad-Hoc|iPhone.ActiveCfg = Debug|Any CPU
		{0593DBC0-2C79-449F-8D50-DE38A695E7E9}.Ad-Hoc|iPhone.Build.0 = Debug|Any CPU
		{0593DBC0-2C79-449F-8D50-DE38A695E7E9}.Ad-Hoc|iPhoneSimulator.ActiveCfg = Debug|Any CPU
		{0593DBC0-2C79-449F-8D50-DE38A695E7E9}.Ad-Hoc|iPhoneSimulator.Build.0 = Debug|Any CPU
		{0593DBC0-2C79-449F-8D50-DE38A695E7E9}.AppStore|Any CPU.ActiveCfg = Debug|Any CPU
		{0593DBC0-2C79-449F-8D50-DE38A695E7E9}.AppStore|Any CPU.Build.0 = Debug|Any CPU
		{0593DBC0-2C79-449F-8D50-DE38A695E7E9}.AppStore|iPhone.ActiveCfg = Debug|Any CPU
		{0593DBC0-2C79-449F-8D50-DE38A695E7E9}.AppStore|iPhone.Build.0 = Debug|Any CPU
		{0593DBC0-2C79-449F-8D50-DE38A695E7E9}.AppStore|iPhoneSimulator.ActiveCfg = Debug|Any CPU
		{0593DBC0-2C79-449F-8D50-DE38A695E7E9}.AppStore|iPhoneSimulator.Build.0 = Debug|Any CPU
		{0593DBC0-2C79-449F-8D50-DE38A695E7E9}.Debug|Any CPU.ActiveCfg = Debug|Any CPU
		{0593DBC0-2C79-449F-8D50-DE38A695E7E9}.Debug|Any CPU.Build.0 = Debug|Any CPU
		{0593DBC0-2C79-449F-8D50-DE38A695E7E9}.Debug|iPhone.ActiveCfg = Debug|Any CPU
		{0593DBC0-2C79-449F-8D50-DE38A695E7E9}.Debug|iPhone.Build.0 = Debug|Any CPU
		{0593DBC0-2C79-449F-8D50-DE38A695E7E9}.Debug|iPhoneSimulator.ActiveCfg = Debug|Any CPU
		{0593DBC0-2C79-449F-8D50-DE38A695E7E9}.Debug|iPhoneSimulator.Build.0 = Debug|Any CPU
		{0593DBC0-2C79-449F-8D50-DE38A695E7E9}.Release|Any CPU.ActiveCfg = Release|Any CPU
		{0593DBC0-2C79-449F-8D50-DE38A695E7E9}.Release|Any CPU.Build.0 = Release|Any CPU
		{0593DBC0-2C79-449F-8D50-DE38A695E7E9}.Release|iPhone.ActiveCfg = Release|Any CPU
		{0593DBC0-2C79-449F-8D50-DE38A695E7E9}.Release|iPhone.Build.0 = Release|Any CPU
		{0593DBC0-2C79-449F-8D50-DE38A695E7E9}.Release|iPhoneSimulator.ActiveCfg = Release|Any CPU
		{0593DBC0-2C79-449F-8D50-DE38A695E7E9}.Release|iPhoneSimulator.Build.0 = Release|Any CPU
	EndGlobalSection
	GlobalSection(SolutionProperties) = preSolution
		HideSolutionNode = FALSE
	EndGlobalSection
	GlobalSection(ExtensibilityGlobals) = postSolution
		SolutionGuid = {DDFD1B3E-52D4-48FD-A88C-1D0C2FB7B53A}
	EndGlobalSection
EndGlobal
